
Microsoft Visual Studio Solution File, Format Version 12.00
# Visual Studio Version 17
VisualStudioVersion = 17.8.34330.188
MinimumVisualStudioVersion = 10.0.40219.1
Project("{FAE04EC0-301F-11D3-BF4B-00C04F79EFBC}") = "Array_Ex02Pag72", "Array_Ex02Pag72\Array_Ex02Pag72.csproj", "{CC7C9EBA-D4E7-4A96-B9D8-5CC055EBD943}"
EndProject
Global
	GlobalSection(SolutionConfigurationPlatforms) = preSolution
		Debug|Any CPU = Debug|Any CPU
		Release|Any CPU = Release|Any CPU
	EndGlobalSection
	GlobalSection(ProjectConfigurationPlatforms) = postSolution
		{CC7C9EBA-D4E7-4A96-B9D8-5CC055EBD943}.Debug|Any CPU.ActiveCfg = Debug|Any CPU
		{CC7C9EBA-D4E7-4A96-B9D8-5CC055EBD943}.Debug|Any CPU.Build.0 = Debug|Any CPU
		{CC7C9EBA-D4E7-4A96-B9D8-5CC055EBD943}.Release|Any CPU.ActiveCfg = Release|Any CPU
		{CC7C9EBA-D4E7-4A96-B9D8-5CC055EBD943}.Release|Any CPU.Build.0 = Release|Any CPU
	EndGlobalSection
	GlobalSection(SolutionProperties) = preSolution
		HideSolutionNode = FALSE
	EndGlobalSection
	GlobalSection(ExtensibilityGlobals) = postSolution
		SolutionGuid = {51318CE4-BE33-43EB-A17E-8D73434FD28C}
	EndGlobalSection
EndGlobal
